
Microsoft Visual Studio Solution File, Format Version 12.00
# Visual Studio Version 17
VisualStudioVersion = 17.11.35312.102
MinimumVisualStudioVersion = 10.0.40219.1
Project("{8BC9CEB8-8B4A-11D0-8D11-00A0C91BC942}") = "228. The Global Stream Objects", "228. The Global Stream Objects\228. The Global Stream Objects.vcxproj", "{91D20439-07C9-4207-87D7-AA38BD771D3C}"
EndProject
Project("{8BC9CEB8-8B4A-11D0-8D11-00A0C91BC942}") = "229. Manipulating the Field Width, Justification, and Fill Character", "229. Manipulating the Field Width, Justification, and Fill Character\229. Manipulating the Field Width, Justification, and Fill Character.vcxproj", "{4FB3FE71-5452-4892-8C44-EB462B980A79}"
EndProject
Project("{8BC9CEB8-8B4A-11D0-8D11-00A0C91BC942}") = "230. Show the Positive Sign and Show the Decimal Point", "230. Show the Positive Sign and Show the Decimal Point\230. Show the Positive Sign and Show the Decimal Point.vcxproj", "{53679E74-B4E4-43F0-A8AC-A63DD20E4409}"
EndProject
Project("{8BC9CEB8-8B4A-11D0-8D11-00A0C91BC942}") = "231. Setting the Precision for Floating-Point Values", "231. Setting the Precision for Floating-Point Values\231. Setting the Precision for Floating-Point Values.vcxproj", "{609CD988-1308-4B66-AA32-DFBAD8B2118A}"
EndProject
Project("{8BC9CEB8-8B4A-11D0-8D11-00A0C91BC942}") = "232. Setting and Unsetting Flags", "232. Setting and Unsetting Flags\232. Setting and Unsetting Flags.vcxproj", "{4B7ACD49-83F6-4F8E-8602-36D7A0187E11}"
EndProject
Project("{8BC9CEB8-8B4A-11D0-8D11-00A0C91BC942}") = "233. Stream Manipulators with Integers", "233. Stream Manipulators with Integers\233. Stream Manipulators with Integers.vcxproj", "{D2F00FB2-A626-4588-96CC-BC808E9FA872}"
EndProject
Project("{8BC9CEB8-8B4A-11D0-8D11-00A0C91BC942}") = "234. Internal Justification of the Field Width", "234. Internal Justification of the Field Width\234. Internal Justification of the Field Width.vcxproj", "{14169920-5313-4260-B6C7-0F98D6827F1C}"
EndProject
Project("{8BC9CEB8-8B4A-11D0-8D11-00A0C91BC942}") = "235. The stdflush Manipulator", "235. The stdflush Manipulator\235. The stdflush Manipulator.vcxproj", "{6D233E07-5A60-40DB-B58C-E78932D5BEAE}"
EndProject
Project("{8BC9CEB8-8B4A-11D0-8D11-00A0C91BC942}") = "236. The printf() Function", "236. The printf() Function\236. The printf() Function.vcxproj", "{ABB3972B-0CB4-4ABC-B867-CDA24909698F}"
EndProject
Project("{8BC9CEB8-8B4A-11D0-8D11-00A0C91BC942}") = "237. Streams - Section 1 Wrap-Up", "237. Streams - Section 1 Wrap-Up\237. Streams - Section 1 Wrap-Up.vcxproj", "{DC6B7684-4625-493E-A797-53E80A7F1BFC}"
EndProject
Global
	GlobalSection(SolutionConfigurationPlatforms) = preSolution
		Debug|x64 = Debug|x64
		Debug|x86 = Debug|x86
		Release|x64 = Release|x64
		Release|x86 = Release|x86
	EndGlobalSection
	GlobalSection(ProjectConfigurationPlatforms) = postSolution
		{91D20439-07C9-4207-87D7-AA38BD771D3C}.Debug|x64.ActiveCfg = Debug|x64
		{91D20439-07C9-4207-87D7-AA38BD771D3C}.Debug|x64.Build.0 = Debug|x64
		{91D20439-07C9-4207-87D7-AA38BD771D3C}.Debug|x86.ActiveCfg = Debug|Win32
		{91D20439-07C9-4207-87D7-AA38BD771D3C}.Debug|x86.Build.0 = Debug|Win32
		{91D20439-07C9-4207-87D7-AA38BD771D3C}.Release|x64.ActiveCfg = Release|x64
		{91D20439-07C9-4207-87D7-AA38BD771D3C}.Release|x64.Build.0 = Release|x64
		{91D20439-07C9-4207-87D7-AA38BD771D3C}.Release|x86.ActiveCfg = Release|Win32
		{91D20439-07C9-4207-87D7-AA38BD771D3C}.Release|x86.Build.0 = Release|Win32
		{4FB3FE71-5452-4892-8C44-EB462B980A79}.Debug|x64.ActiveCfg = Debug|x64
		{4FB3FE71-5452-4892-8C44-EB462B980A79}.Debug|x64.Build.0 = Debug|x64
		{4FB3FE71-5452-4892-8C44-EB462B980A79}.Debug|x86.ActiveCfg = Debug|Win32
		{4FB3FE71-5452-4892-8C44-EB462B980A79}.Debug|x86.Build.0 = Debug|Win32
		{4FB3FE71-5452-4892-8C44-EB462B980A79}.Release|x64.ActiveCfg = Release|x64
		{4FB3FE71-5452-4892-8C44-EB462B980A79}.Release|x64.Build.0 = Release|x64
		{4FB3FE71-5452-4892-8C44-EB462B980A79}.Release|x86.ActiveCfg = Release|Win32
		{4FB3FE71-5452-4892-8C44-EB462B980A79}.Release|x86.Build.0 = Release|Win32
		{53679E74-B4E4-43F0-A8AC-A63DD20E4409}.Debug|x64.ActiveCfg = Debug|x64
		{53679E74-B4E4-43F0-A8AC-A63DD20E4409}.Debug|x64.Build.0 = Debug|x64
		{53679E74-B4E4-43F0-A8AC-A63DD20E4409}.Debug|x86.ActiveCfg = Debug|Win32
		{53679E74-B4E4-43F0-A8AC-A63DD20E4409}.Debug|x86.Build.0 = Debug|Win32
		{53679E74-B4E4-43F0-A8AC-A63DD20E4409}.Release|x64.ActiveCfg = Release|x64
		{53679E74-B4E4-43F0-A8AC-A63DD20E4409}.Release|x64.Build.0 = Release|x64
		{53679E74-B4E4-43F0-A8AC-A63DD20E4409}.Release|x86.ActiveCfg = Release|Win32
		{53679E74-B4E4-43F0-A8AC-A63DD20E4409}.Release|x86.Build.0 = Release|Win32
		{609CD988-1308-4B66-AA32-DFBAD8B2118A}.Debug|x64.ActiveCfg = Debug|x64
		{609CD988-1308-4B66-AA32-DFBAD8B2118A}.Debug|x64.Build.0 = Debug|x64
		{609CD988-1308-4B66-AA32-DFBAD8B2118A}.Debug|x86.ActiveCfg = Debug|Win32
		{609CD988-1308-4B66-AA32-DFBAD8B2118A}.Debug|x86.Build.0 = Debug|Win32
		{609CD988-1308-4B66-AA32-DFBAD8B2118A}.Release|x64.ActiveCfg = Release|x64
		{609CD988-1308-4B66-AA32-DFBAD8B2118A}.Release|x64.Build.0 = Release|x64
		{609CD988-1308-4B66-AA32-DFBAD8B2118A}.Release|x86.ActiveCfg = Release|Win32
		{609CD988-1308-4B66-AA32-DFBAD8B2118A}.Release|x86.Build.0 = Release|Win32
		{4B7ACD49-83F6-4F8E-8602-36D7A0187E11}.Debug|x64.ActiveCfg = Debug|x64
		{4B7ACD49-83F6-4F8E-8602-36D7A0187E11}.Debug|x64.Build.0 = Debug|x64
		{4B7ACD49-83F6-4F8E-8602-36D7A0187E11}.Debug|x86.ActiveCfg = Debug|Win32
		{4B7ACD49-83F6-4F8E-8602-36D7A0187E11}.Debug|x86.Build.0 = Debug|Win32
		{4B7ACD49-83F6-4F8E-8602-36D7A0187E11}.Release|x64.ActiveCfg = Release|x64
		{4B7ACD49-83F6-4F8E-8602-36D7A0187E11}.Release|x64.Build.0 = Release|x64
		{4B7ACD49-83F6-4F8E-8602-36D7A0187E11}.Release|x86.ActiveCfg = Release|Win32
		{4B7ACD49-83F6-4F8E-8602-36D7A0187E11}.Release|x86.Build.0 = Release|Win32
		{D2F00FB2-A626-4588-96CC-BC808E9FA872}.Debug|x64.ActiveCfg = Debug|x64
		{D2F00FB2-A626-4588-96CC-BC808E9FA872}.Debug|x64.Build.0 = Debug|x64
		{D2F00FB2-A626-4588-96CC-BC808E9FA872}.Debug|x86.ActiveCfg = Debug|Win32
		{D2F00FB2-A626-4588-96CC-BC808E9FA872}.Debug|x86.Build.0 = Debug|Win32
		{D2F00FB2-A626-4588-96CC-BC808E9FA872}.Release|x64.ActiveCfg = Release|x64
		{D2F00FB2-A626-4588-96CC-BC808E9FA872}.Release|x64.Build.0 = Release|x64
		{D2F00FB2-A626-4588-96CC-BC808E9FA872}.Release|x86.ActiveCfg = Release|Win32
		{D2F00FB2-A626-4588-96CC-BC808E9FA872}.Release|x86.Build.0 = Release|Win32
		{14169920-5313-4260-B6C7-0F98D6827F1C}.Debug|x64.ActiveCfg = Debug|x64
		{14169920-5313-4260-B6C7-0F98D6827F1C}.Debug|x64.Build.0 = Debug|x64
		{14169920-5313-4260-B6C7-0F98D6827F1C}.Debug|x86.ActiveCfg = Debug|Win32
		{14169920-5313-4260-B6C7-0F98D6827F1C}.Debug|x86.Build.0 = Debug|Win32
		{14169920-5313-4260-B6C7-0F98D6827F1C}.Release|x64.ActiveCfg = Release|x64
		{14169920-5313-4260-B6C7-0F98D6827F1C}.Release|x64.Build.0 = Release|x64
		{14169920-5313-4260-B6C7-0F98D6827F1C}.Release|x86.ActiveCfg = Release|Win32
		{14169920-5313-4260-B6C7-0F98D6827F1C}.Release|x86.Build.0 = Release|Win32
		{6D233E07-5A60-40DB-B58C-E78932D5BEAE}.Debug|x64.ActiveCfg = Debug|x64
		{6D233E07-5A60-40DB-B58C-E78932D5BEAE}.Debug|x64.Build.0 = Debug|x64
		{6D233E07-5A60-40DB-B58C-E78932D5BEAE}.Debug|x86.ActiveCfg = Debug|Win32
		{6D233E07-5A60-40DB-B58C-E78932D5BEAE}.Debug|x86.Build.0 = Debug|Win32
		{6D233E07-5A60-40DB-B58C-E78932D5BEAE}.Release|x64.ActiveCfg = Release|x64
		{6D233E07-5A60-40DB-B58C-E78932D5BEAE}.Release|x64.Build.0 = Release|x64
		{6D233E07-5A60-40DB-B58C-E78932D5BEAE}.Release|x86.ActiveCfg = Release|Win32
		{6D233E07-5A60-40DB-B58C-E78932D5BEAE}.Release|x86.Build.0 = Release|Win32
		{ABB3972B-0CB4-4ABC-B867-CDA24909698F}.Debug|x64.ActiveCfg = Debug|x64
		{ABB3972B-0CB4-4ABC-B867-CDA24909698F}.Debug|x64.Build.0 = Debug|x64
		{ABB3972B-0CB4-4ABC-B867-CDA24909698F}.Debug|x86.ActiveCfg = Debug|Win32
		{ABB3972B-0CB4-4ABC-B867-CDA24909698F}.Debug|x86.Build.0 = Debug|Win32
		{ABB3972B-0CB4-4ABC-B867-CDA24909698F}.Release|x64.ActiveCfg = Release|x64
		{ABB3972B-0CB4-4ABC-B867-CDA24909698F}.Release|x64.Build.0 = Release|x64
		{ABB3972B-0CB4-4ABC-B867-CDA24909698F}.Release|x86.ActiveCfg = Release|Win32
		{ABB3972B-0CB4-4ABC-B867-CDA24909698F}.Release|x86.Build.0 = Release|Win32
		{DC6B7684-4625-493E-A797-53E80A7F1BFC}.Debug|x64.ActiveCfg = Debug|x64
		{DC6B7684-4625-493E-A797-53E80A7F1BFC}.Debug|x64.Build.0 = Debug|x64
		{DC6B7684-4625-493E-A797-53E80A7F1BFC}.Debug|x86.ActiveCfg = Debug|Win32
		{DC6B7684-4625-493E-A797-53E80A7F1BFC}.Debug|x86.Build.0 = Debug|Win32
		{DC6B7684-4625-493E-A797-53E80A7F1BFC}.Release|x64.ActiveCfg = Release|x64
		{DC6B7684-4625-493E-A797-53E80A7F1BFC}.Release|x64.Build.0 = Release|x64
		{DC6B7684-4625-493E-A797-53E80A7F1BFC}.Release|x86.ActiveCfg = Release|Win32
		{DC6B7684-4625-493E-A797-53E80A7F1BFC}.Release|x86.Build.0 = Release|Win32
	EndGlobalSection
	GlobalSection(SolutionProperties) = preSolution
		HideSolutionNode = FALSE
	EndGlobalSection
	GlobalSection(ExtensibilityGlobals) = postSolution
		SolutionGuid = {F639A2B5-10E8-495B-B2FF-C353803E5D57}
	EndGlobalSection
EndGlobal
