
Microsoft Visual Studio Solution File, Format Version 12.00
# Visual Studio Version 17
VisualStudioVersion = 17.6.33829.357
MinimumVisualStudioVersion = 10.0.40219.1
Project("{8BC9CEB8-8B4A-11D0-8D11-00A0C91BC942}") = "178. Function Pointers as Formal Parameters", "178. Function Pointers as Formal Parameters\178. Function Pointers as Formal Parameters.vcxproj", "{849EE5B7-596C-4473-AB42-39C30CD5B860}"
EndProject
Project("{8BC9CEB8-8B4A-11D0-8D11-00A0C91BC942}") = "177. Function Pointers", "177. Function Pointers\177. Function Pointers.vcxproj", "{0B805C6E-02CE-4651-9095-01624D2CADAC}"
EndProject
Project("{8BC9CEB8-8B4A-11D0-8D11-00A0C91BC942}") = "179. Arrays of Function Pointers", "179. Arrays of Function Pointers\179. Arrays of Function Pointers.vcxproj", "{C6F0C0CD-2BEE-4215-9FFA-855057B682BB}"
EndProject
Global
	GlobalSection(SolutionConfigurationPlatforms) = preSolution
		Debug|x64 = Debug|x64
		Debug|x86 = Debug|x86
		Release|x64 = Release|x64
		Release|x86 = Release|x86
	EndGlobalSection
	GlobalSection(ProjectConfigurationPlatforms) = postSolution
		{849EE5B7-596C-4473-AB42-39C30CD5B860}.Debug|x64.ActiveCfg = Debug|x64
		{849EE5B7-596C-4473-AB42-39C30CD5B860}.Debug|x64.Build.0 = Debug|x64
		{849EE5B7-596C-4473-AB42-39C30CD5B860}.Debug|x86.ActiveCfg = Debug|Win32
		{849EE5B7-596C-4473-AB42-39C30CD5B860}.Debug|x86.Build.0 = Debug|Win32
		{849EE5B7-596C-4473-AB42-39C30CD5B860}.Release|x64.ActiveCfg = Release|x64
		{849EE5B7-596C-4473-AB42-39C30CD5B860}.Release|x64.Build.0 = Release|x64
		{849EE5B7-596C-4473-AB42-39C30CD5B860}.Release|x86.ActiveCfg = Release|Win32
		{849EE5B7-596C-4473-AB42-39C30CD5B860}.Release|x86.Build.0 = Release|Win32
		{0B805C6E-02CE-4651-9095-01624D2CADAC}.Debug|x64.ActiveCfg = Debug|x64
		{0B805C6E-02CE-4651-9095-01624D2CADAC}.Debug|x64.Build.0 = Debug|x64
		{0B805C6E-02CE-4651-9095-01624D2CADAC}.Debug|x86.ActiveCfg = Debug|Win32
		{0B805C6E-02CE-4651-9095-01624D2CADAC}.Debug|x86.Build.0 = Debug|Win32
		{0B805C6E-02CE-4651-9095-01624D2CADAC}.Release|x64.ActiveCfg = Release|x64
		{0B805C6E-02CE-4651-9095-01624D2CADAC}.Release|x64.Build.0 = Release|x64
		{0B805C6E-02CE-4651-9095-01624D2CADAC}.Release|x86.ActiveCfg = Release|Win32
		{0B805C6E-02CE-4651-9095-01624D2CADAC}.Release|x86.Build.0 = Release|Win32
		{C6F0C0CD-2BEE-4215-9FFA-855057B682BB}.Debug|x64.ActiveCfg = Debug|x64
		{C6F0C0CD-2BEE-4215-9FFA-855057B682BB}.Debug|x64.Build.0 = Debug|x64
		{C6F0C0CD-2BEE-4215-9FFA-855057B682BB}.Debug|x86.ActiveCfg = Debug|Win32
		{C6F0C0CD-2BEE-4215-9FFA-855057B682BB}.Debug|x86.Build.0 = Debug|Win32
		{C6F0C0CD-2BEE-4215-9FFA-855057B682BB}.Release|x64.ActiveCfg = Release|x64
		{C6F0C0CD-2BEE-4215-9FFA-855057B682BB}.Release|x64.Build.0 = Release|x64
		{C6F0C0CD-2BEE-4215-9FFA-855057B682BB}.Release|x86.ActiveCfg = Release|Win32
		{C6F0C0CD-2BEE-4215-9FFA-855057B682BB}.Release|x86.Build.0 = Release|Win32
	EndGlobalSection
	GlobalSection(SolutionProperties) = preSolution
		HideSolutionNode = FALSE
	EndGlobalSection
	GlobalSection(ExtensibilityGlobals) = postSolution
		SolutionGuid = {B026C707-7641-4E99-8862-FB08E3B24CCF}
	EndGlobalSection
EndGlobal
