
Microsoft Visual Studio Solution File, Format Version 12.00
# Visual Studio Version 17
VisualStudioVersion = 17.6.33829.357
MinimumVisualStudioVersion = 10.0.40219.1
Project("{8BC9CEB8-8B4A-11D0-8D11-00A0C91BC942}") = "178. Function Pointers as Formal Parameters", "178. Function Pointers as Formal Parameters\178. Function Pointers as Formal Parameters.vcxproj", "{849EE5B7-596C-4473-AB42-39C30CD5B860}"
EndProject
Project("{8BC9CEB8-8B4A-11D0-8D11-00A0C91BC942}") = "177. Function Pointers", "177. Function Pointers\177. Function Pointers.vcxproj", "{0B805C6E-02CE-4651-9095-01624D2CADAC}"
EndProject
Project("{8BC9CEB8-8B4A-11D0-8D11-00A0C91BC942}") = "179. Arrays of Function Pointers", "179. Arrays of Function Pointers\179. Arrays of Function Pointers.vcxproj", "{C6F0C0CD-2BEE-4215-9FFA-855057B682BB}"
EndProject
Project("{8BC9CEB8-8B4A-11D0-8D11-00A0C91BC942}") = "180. Function Pointer Type Aliases", "180. Function Pointer Type Aliases\180. Function Pointer Type Aliases.vcxproj", "{A5AFD5D4-1C75-4BCA-A8E1-87DF378004A0}"
EndProject
Project("{8BC9CEB8-8B4A-11D0-8D11-00A0C91BC942}") = "181. Functors", "181. Functors\181. Functors.vcxproj", "{1C5BB4C6-EA78-4BF4-A70F-FDBB6A5CA123}"
EndProject
Project("{8BC9CEB8-8B4A-11D0-8D11-00A0C91BC942}") = "182. Predefined Function Objects", "182. Predefined Function Objects\182. Predefined Function Objects.vcxproj", "{4E4F93B7-2341-45D3-9C62-CAE18D14BED3}"
EndProject
Project("{8BC9CEB8-8B4A-11D0-8D11-00A0C91BC942}") = "183. Lambda Expressions", "183. Lambda Expressions\183. Lambda Expressions.vcxproj", "{CC24170B-BD3A-434E-A514-4723D3B9999A}"
EndProject
Project("{8BC9CEB8-8B4A-11D0-8D11-00A0C91BC942}") = "184. The Lambda Expression Capture Clause", "184. The Lambda Expression Capture Clause\184. The Lambda Expression Capture Clause.vcxproj", "{9A2AA6A2-06E3-4B1E-8037-94CAA342E72C}"
EndProject
Project("{8BC9CEB8-8B4A-11D0-8D11-00A0C91BC942}") = "185. Capturing the this Pointer", "185. Capturing the this Pointer\185. Capturing the this Pointer.vcxproj", "{B8DDCD49-5E6D-41B7-808F-3640E56A55AA}"
EndProject
Global
	GlobalSection(SolutionConfigurationPlatforms) = preSolution
		Debug|x64 = Debug|x64
		Debug|x86 = Debug|x86
		Release|x64 = Release|x64
		Release|x86 = Release|x86
	EndGlobalSection
	GlobalSection(ProjectConfigurationPlatforms) = postSolution
		{849EE5B7-596C-4473-AB42-39C30CD5B860}.Debug|x64.ActiveCfg = Debug|x64
		{849EE5B7-596C-4473-AB42-39C30CD5B860}.Debug|x64.Build.0 = Debug|x64
		{849EE5B7-596C-4473-AB42-39C30CD5B860}.Debug|x86.ActiveCfg = Debug|Win32
		{849EE5B7-596C-4473-AB42-39C30CD5B860}.Debug|x86.Build.0 = Debug|Win32
		{849EE5B7-596C-4473-AB42-39C30CD5B860}.Release|x64.ActiveCfg = Release|x64
		{849EE5B7-596C-4473-AB42-39C30CD5B860}.Release|x64.Build.0 = Release|x64
		{849EE5B7-596C-4473-AB42-39C30CD5B860}.Release|x86.ActiveCfg = Release|Win32
		{849EE5B7-596C-4473-AB42-39C30CD5B860}.Release|x86.Build.0 = Release|Win32
		{0B805C6E-02CE-4651-9095-01624D2CADAC}.Debug|x64.ActiveCfg = Debug|x64
		{0B805C6E-02CE-4651-9095-01624D2CADAC}.Debug|x64.Build.0 = Debug|x64
		{0B805C6E-02CE-4651-9095-01624D2CADAC}.Debug|x86.ActiveCfg = Debug|Win32
		{0B805C6E-02CE-4651-9095-01624D2CADAC}.Debug|x86.Build.0 = Debug|Win32
		{0B805C6E-02CE-4651-9095-01624D2CADAC}.Release|x64.ActiveCfg = Release|x64
		{0B805C6E-02CE-4651-9095-01624D2CADAC}.Release|x64.Build.0 = Release|x64
		{0B805C6E-02CE-4651-9095-01624D2CADAC}.Release|x86.ActiveCfg = Release|Win32
		{0B805C6E-02CE-4651-9095-01624D2CADAC}.Release|x86.Build.0 = Release|Win32
		{C6F0C0CD-2BEE-4215-9FFA-855057B682BB}.Debug|x64.ActiveCfg = Debug|x64
		{C6F0C0CD-2BEE-4215-9FFA-855057B682BB}.Debug|x64.Build.0 = Debug|x64
		{C6F0C0CD-2BEE-4215-9FFA-855057B682BB}.Debug|x86.ActiveCfg = Debug|Win32
		{C6F0C0CD-2BEE-4215-9FFA-855057B682BB}.Debug|x86.Build.0 = Debug|Win32
		{C6F0C0CD-2BEE-4215-9FFA-855057B682BB}.Release|x64.ActiveCfg = Release|x64
		{C6F0C0CD-2BEE-4215-9FFA-855057B682BB}.Release|x64.Build.0 = Release|x64
		{C6F0C0CD-2BEE-4215-9FFA-855057B682BB}.Release|x86.ActiveCfg = Release|Win32
		{C6F0C0CD-2BEE-4215-9FFA-855057B682BB}.Release|x86.Build.0 = Release|Win32
		{A5AFD5D4-1C75-4BCA-A8E1-87DF378004A0}.Debug|x64.ActiveCfg = Debug|x64
		{A5AFD5D4-1C75-4BCA-A8E1-87DF378004A0}.Debug|x64.Build.0 = Debug|x64
		{A5AFD5D4-1C75-4BCA-A8E1-87DF378004A0}.Debug|x86.ActiveCfg = Debug|Win32
		{A5AFD5D4-1C75-4BCA-A8E1-87DF378004A0}.Debug|x86.Build.0 = Debug|Win32
		{A5AFD5D4-1C75-4BCA-A8E1-87DF378004A0}.Release|x64.ActiveCfg = Release|x64
		{A5AFD5D4-1C75-4BCA-A8E1-87DF378004A0}.Release|x64.Build.0 = Release|x64
		{A5AFD5D4-1C75-4BCA-A8E1-87DF378004A0}.Release|x86.ActiveCfg = Release|Win32
		{A5AFD5D4-1C75-4BCA-A8E1-87DF378004A0}.Release|x86.Build.0 = Release|Win32
		{1C5BB4C6-EA78-4BF4-A70F-FDBB6A5CA123}.Debug|x64.ActiveCfg = Debug|x64
		{1C5BB4C6-EA78-4BF4-A70F-FDBB6A5CA123}.Debug|x64.Build.0 = Debug|x64
		{1C5BB4C6-EA78-4BF4-A70F-FDBB6A5CA123}.Debug|x86.ActiveCfg = Debug|Win32
		{1C5BB4C6-EA78-4BF4-A70F-FDBB6A5CA123}.Debug|x86.Build.0 = Debug|Win32
		{1C5BB4C6-EA78-4BF4-A70F-FDBB6A5CA123}.Release|x64.ActiveCfg = Release|x64
		{1C5BB4C6-EA78-4BF4-A70F-FDBB6A5CA123}.Release|x64.Build.0 = Release|x64
		{1C5BB4C6-EA78-4BF4-A70F-FDBB6A5CA123}.Release|x86.ActiveCfg = Release|Win32
		{1C5BB4C6-EA78-4BF4-A70F-FDBB6A5CA123}.Release|x86.Build.0 = Release|Win32
		{4E4F93B7-2341-45D3-9C62-CAE18D14BED3}.Debug|x64.ActiveCfg = Debug|x64
		{4E4F93B7-2341-45D3-9C62-CAE18D14BED3}.Debug|x64.Build.0 = Debug|x64
		{4E4F93B7-2341-45D3-9C62-CAE18D14BED3}.Debug|x86.ActiveCfg = Debug|Win32
		{4E4F93B7-2341-45D3-9C62-CAE18D14BED3}.Debug|x86.Build.0 = Debug|Win32
		{4E4F93B7-2341-45D3-9C62-CAE18D14BED3}.Release|x64.ActiveCfg = Release|x64
		{4E4F93B7-2341-45D3-9C62-CAE18D14BED3}.Release|x64.Build.0 = Release|x64
		{4E4F93B7-2341-45D3-9C62-CAE18D14BED3}.Release|x86.ActiveCfg = Release|Win32
		{4E4F93B7-2341-45D3-9C62-CAE18D14BED3}.Release|x86.Build.0 = Release|Win32
		{CC24170B-BD3A-434E-A514-4723D3B9999A}.Debug|x64.ActiveCfg = Debug|x64
		{CC24170B-BD3A-434E-A514-4723D3B9999A}.Debug|x64.Build.0 = Debug|x64
		{CC24170B-BD3A-434E-A514-4723D3B9999A}.Debug|x86.ActiveCfg = Debug|Win32
		{CC24170B-BD3A-434E-A514-4723D3B9999A}.Debug|x86.Build.0 = Debug|Win32
		{CC24170B-BD3A-434E-A514-4723D3B9999A}.Release|x64.ActiveCfg = Release|x64
		{CC24170B-BD3A-434E-A514-4723D3B9999A}.Release|x64.Build.0 = Release|x64
		{CC24170B-BD3A-434E-A514-4723D3B9999A}.Release|x86.ActiveCfg = Release|Win32
		{CC24170B-BD3A-434E-A514-4723D3B9999A}.Release|x86.Build.0 = Release|Win32
		{9A2AA6A2-06E3-4B1E-8037-94CAA342E72C}.Debug|x64.ActiveCfg = Debug|x64
		{9A2AA6A2-06E3-4B1E-8037-94CAA342E72C}.Debug|x64.Build.0 = Debug|x64
		{9A2AA6A2-06E3-4B1E-8037-94CAA342E72C}.Debug|x86.ActiveCfg = Debug|Win32
		{9A2AA6A2-06E3-4B1E-8037-94CAA342E72C}.Debug|x86.Build.0 = Debug|Win32
		{9A2AA6A2-06E3-4B1E-8037-94CAA342E72C}.Release|x64.ActiveCfg = Release|x64
		{9A2AA6A2-06E3-4B1E-8037-94CAA342E72C}.Release|x64.Build.0 = Release|x64
		{9A2AA6A2-06E3-4B1E-8037-94CAA342E72C}.Release|x86.ActiveCfg = Release|Win32
		{9A2AA6A2-06E3-4B1E-8037-94CAA342E72C}.Release|x86.Build.0 = Release|Win32
		{B8DDCD49-5E6D-41B7-808F-3640E56A55AA}.Debug|x64.ActiveCfg = Debug|x64
		{B8DDCD49-5E6D-41B7-808F-3640E56A55AA}.Debug|x64.Build.0 = Debug|x64
		{B8DDCD49-5E6D-41B7-808F-3640E56A55AA}.Debug|x86.ActiveCfg = Debug|Win32
		{B8DDCD49-5E6D-41B7-808F-3640E56A55AA}.Debug|x86.Build.0 = Debug|Win32
		{B8DDCD49-5E6D-41B7-808F-3640E56A55AA}.Release|x64.ActiveCfg = Release|x64
		{B8DDCD49-5E6D-41B7-808F-3640E56A55AA}.Release|x64.Build.0 = Release|x64
		{B8DDCD49-5E6D-41B7-808F-3640E56A55AA}.Release|x86.ActiveCfg = Release|Win32
		{B8DDCD49-5E6D-41B7-808F-3640E56A55AA}.Release|x86.Build.0 = Release|Win32
	EndGlobalSection
	GlobalSection(SolutionProperties) = preSolution
		HideSolutionNode = FALSE
	EndGlobalSection
	GlobalSection(ExtensibilityGlobals) = postSolution
		SolutionGuid = {B026C707-7641-4E99-8862-FB08E3B24CCF}
	EndGlobalSection
EndGlobal
