
Microsoft Visual Studio Solution File, Format Version 12.00
# Visual Studio Version 17
VisualStudioVersion = 17.6.33829.357
MinimumVisualStudioVersion = 10.0.40219.1
Project("{8BC9CEB8-8B4A-11D0-8D11-00A0C91BC942}") = "189. An Introduction to Smart Pointers", "189. An Introduction to Smart Pointers\189. An Introduction to Smart Pointers.vcxproj", "{CB3EFC8C-F5FD-4004-9AEF-936558EFFB39}"
EndProject
Project("{8BC9CEB8-8B4A-11D0-8D11-00A0C91BC942}") = "190. Unique Pointers", "190. Unique Pointers\190. Unique Pointers.vcxproj", "{943A1D31-95E3-4941-881C-B20C7A88D1D6}"
EndProject
Project("{8BC9CEB8-8B4A-11D0-8D11-00A0C91BC942}") = "191. Avoiding Memory Leaks with Smart Pointers", "191. Avoiding Memory Leaks with Smart Pointers\191. Avoiding Memory Leaks with Smart Pointers.vcxproj", "{E31C0284-A0AE-4537-A8DA-91BA24A07D31}"
EndProject
Project("{8BC9CEB8-8B4A-11D0-8D11-00A0C91BC942}") = "193. Unique Pointers as Formal Parameters", "193. Unique Pointers as Formal Parameters\193. Unique Pointers as Formal Parameters.vcxproj", "{6552EADA-7CCA-4E2D-B6C9-AD0C91DD30C1}"
EndProject
Project("{8BC9CEB8-8B4A-11D0-8D11-00A0C91BC942}") = "192. The make_unique Function", "192. The make_unique Function\192. The make_unique Function.vcxproj", "{15C828F4-B743-4F7E-9C0F-7CD2A2C77BD7}"
EndProject
Project("{8BC9CEB8-8B4A-11D0-8D11-00A0C91BC942}") = "194. Returning Unique Pointers from Functions", "194. Returning Unique Pointers from Functions\194. Returning Unique Pointers from Functions.vcxproj", "{759AD2A7-607B-4541-83EC-FA004FB65FA2}"
EndProject
Project("{8BC9CEB8-8B4A-11D0-8D11-00A0C91BC942}") = "195. Unique Pointers that Manage Dynamic Arrays", "195. Unique Pointers that Manage Dynamic Arrays\195. Unique Pointers that Manage Dynamic Arrays.vcxproj", "{335304F7-F528-4A36-AAD0-F1E8B53053C1}"
EndProject
Project("{8BC9CEB8-8B4A-11D0-8D11-00A0C91BC942}") = "196. Unique Pointers as Class Members", "196. Unique Pointers as Class Members\196. Unique Pointers as Class Members.vcxproj", "{A8E94D47-A780-4DAC-A082-B52B6380ABE1}"
EndProject
Project("{8BC9CEB8-8B4A-11D0-8D11-00A0C91BC942}") = "197. Unique Pointers and Polymorphism", "197. Unique Pointers and Polymorphism\197. Unique Pointers and Polymorphism.vcxproj", "{68087BD9-2082-45C0-9348-102133F0A6FC}"
EndProject
Project("{8BC9CEB8-8B4A-11D0-8D11-00A0C91BC942}") = "198. An Introduction to Shared Pointers", "198. An Introduction to Shared Pointers\198. An Introduction to Shared Pointers.vcxproj", "{4D7BD90C-87C7-4196-8E94-3F6BF266E733}"
EndProject
Project("{8BC9CEB8-8B4A-11D0-8D11-00A0C91BC942}") = "199. Shared Pointers as Formal Parameters", "199. Shared Pointers as Formal Parameters\199. Shared Pointers as Formal Parameters.vcxproj", "{FD7902F5-D588-4C90-854A-DAEAEBFF20B4}"
EndProject
Project("{8BC9CEB8-8B4A-11D0-8D11-00A0C91BC942}") = "200. Unique Pointer and Shared Pointer Conversion", "200. Unique Pointer and Shared Pointer Conversion\200. Unique Pointer and Shared Pointer Conversion.vcxproj", "{865898AA-0329-4812-B5E3-98B485D9D6A6}"
EndProject
Project("{8BC9CEB8-8B4A-11D0-8D11-00A0C91BC942}") = "201. Shared Pointers that Manage Dynamic Arrays", "201. Shared Pointers that Manage Dynamic Arrays\201. Shared Pointers that Manage Dynamic Arrays.vcxproj", "{DB6B6446-DB94-4942-A771-8EB9F0FC4DFD}"
EndProject
Project("{8BC9CEB8-8B4A-11D0-8D11-00A0C91BC942}") = "202. An Introduction to Weak Pointers", "202. An Introduction to Weak Pointers\202. An Introduction to Weak Pointers.vcxproj", "{C708D9C5-8DCD-48F6-96A8-45D10295FA2D}"
EndProject
Project("{8BC9CEB8-8B4A-11D0-8D11-00A0C91BC942}") = "203. Shared Pointer Implementation Technicalities", "203. Shared Pointer Implementation Technicalities\203. Shared Pointer Implementation Technicalities.vcxproj", "{432ADAA7-0F9D-4263-A810-07B45D478FF8}"
EndProject
Global
	GlobalSection(SolutionConfigurationPlatforms) = preSolution
		Debug|x64 = Debug|x64
		Debug|x86 = Debug|x86
		Release|x64 = Release|x64
		Release|x86 = Release|x86
	EndGlobalSection
	GlobalSection(ProjectConfigurationPlatforms) = postSolution
		{CB3EFC8C-F5FD-4004-9AEF-936558EFFB39}.Debug|x64.ActiveCfg = Debug|x64
		{CB3EFC8C-F5FD-4004-9AEF-936558EFFB39}.Debug|x64.Build.0 = Debug|x64
		{CB3EFC8C-F5FD-4004-9AEF-936558EFFB39}.Debug|x86.ActiveCfg = Debug|Win32
		{CB3EFC8C-F5FD-4004-9AEF-936558EFFB39}.Debug|x86.Build.0 = Debug|Win32
		{CB3EFC8C-F5FD-4004-9AEF-936558EFFB39}.Release|x64.ActiveCfg = Release|x64
		{CB3EFC8C-F5FD-4004-9AEF-936558EFFB39}.Release|x64.Build.0 = Release|x64
		{CB3EFC8C-F5FD-4004-9AEF-936558EFFB39}.Release|x86.ActiveCfg = Release|Win32
		{CB3EFC8C-F5FD-4004-9AEF-936558EFFB39}.Release|x86.Build.0 = Release|Win32
		{943A1D31-95E3-4941-881C-B20C7A88D1D6}.Debug|x64.ActiveCfg = Debug|x64
		{943A1D31-95E3-4941-881C-B20C7A88D1D6}.Debug|x64.Build.0 = Debug|x64
		{943A1D31-95E3-4941-881C-B20C7A88D1D6}.Debug|x86.ActiveCfg = Debug|Win32
		{943A1D31-95E3-4941-881C-B20C7A88D1D6}.Debug|x86.Build.0 = Debug|Win32
		{943A1D31-95E3-4941-881C-B20C7A88D1D6}.Release|x64.ActiveCfg = Release|x64
		{943A1D31-95E3-4941-881C-B20C7A88D1D6}.Release|x64.Build.0 = Release|x64
		{943A1D31-95E3-4941-881C-B20C7A88D1D6}.Release|x86.ActiveCfg = Release|Win32
		{943A1D31-95E3-4941-881C-B20C7A88D1D6}.Release|x86.Build.0 = Release|Win32
		{E31C0284-A0AE-4537-A8DA-91BA24A07D31}.Debug|x64.ActiveCfg = Debug|x64
		{E31C0284-A0AE-4537-A8DA-91BA24A07D31}.Debug|x64.Build.0 = Debug|x64
		{E31C0284-A0AE-4537-A8DA-91BA24A07D31}.Debug|x86.ActiveCfg = Debug|Win32
		{E31C0284-A0AE-4537-A8DA-91BA24A07D31}.Debug|x86.Build.0 = Debug|Win32
		{E31C0284-A0AE-4537-A8DA-91BA24A07D31}.Release|x64.ActiveCfg = Release|x64
		{E31C0284-A0AE-4537-A8DA-91BA24A07D31}.Release|x64.Build.0 = Release|x64
		{E31C0284-A0AE-4537-A8DA-91BA24A07D31}.Release|x86.ActiveCfg = Release|Win32
		{E31C0284-A0AE-4537-A8DA-91BA24A07D31}.Release|x86.Build.0 = Release|Win32
		{6552EADA-7CCA-4E2D-B6C9-AD0C91DD30C1}.Debug|x64.ActiveCfg = Debug|x64
		{6552EADA-7CCA-4E2D-B6C9-AD0C91DD30C1}.Debug|x64.Build.0 = Debug|x64
		{6552EADA-7CCA-4E2D-B6C9-AD0C91DD30C1}.Debug|x86.ActiveCfg = Debug|Win32
		{6552EADA-7CCA-4E2D-B6C9-AD0C91DD30C1}.Debug|x86.Build.0 = Debug|Win32
		{6552EADA-7CCA-4E2D-B6C9-AD0C91DD30C1}.Release|x64.ActiveCfg = Release|x64
		{6552EADA-7CCA-4E2D-B6C9-AD0C91DD30C1}.Release|x64.Build.0 = Release|x64
		{6552EADA-7CCA-4E2D-B6C9-AD0C91DD30C1}.Release|x86.ActiveCfg = Release|Win32
		{6552EADA-7CCA-4E2D-B6C9-AD0C91DD30C1}.Release|x86.Build.0 = Release|Win32
		{15C828F4-B743-4F7E-9C0F-7CD2A2C77BD7}.Debug|x64.ActiveCfg = Debug|x64
		{15C828F4-B743-4F7E-9C0F-7CD2A2C77BD7}.Debug|x64.Build.0 = Debug|x64
		{15C828F4-B743-4F7E-9C0F-7CD2A2C77BD7}.Debug|x86.ActiveCfg = Debug|Win32
		{15C828F4-B743-4F7E-9C0F-7CD2A2C77BD7}.Debug|x86.Build.0 = Debug|Win32
		{15C828F4-B743-4F7E-9C0F-7CD2A2C77BD7}.Release|x64.ActiveCfg = Release|x64
		{15C828F4-B743-4F7E-9C0F-7CD2A2C77BD7}.Release|x64.Build.0 = Release|x64
		{15C828F4-B743-4F7E-9C0F-7CD2A2C77BD7}.Release|x86.ActiveCfg = Release|Win32
		{15C828F4-B743-4F7E-9C0F-7CD2A2C77BD7}.Release|x86.Build.0 = Release|Win32
		{759AD2A7-607B-4541-83EC-FA004FB65FA2}.Debug|x64.ActiveCfg = Debug|x64
		{759AD2A7-607B-4541-83EC-FA004FB65FA2}.Debug|x64.Build.0 = Debug|x64
		{759AD2A7-607B-4541-83EC-FA004FB65FA2}.Debug|x86.ActiveCfg = Debug|Win32
		{759AD2A7-607B-4541-83EC-FA004FB65FA2}.Debug|x86.Build.0 = Debug|Win32
		{759AD2A7-607B-4541-83EC-FA004FB65FA2}.Release|x64.ActiveCfg = Release|x64
		{759AD2A7-607B-4541-83EC-FA004FB65FA2}.Release|x64.Build.0 = Release|x64
		{759AD2A7-607B-4541-83EC-FA004FB65FA2}.Release|x86.ActiveCfg = Release|Win32
		{759AD2A7-607B-4541-83EC-FA004FB65FA2}.Release|x86.Build.0 = Release|Win32
		{335304F7-F528-4A36-AAD0-F1E8B53053C1}.Debug|x64.ActiveCfg = Debug|x64
		{335304F7-F528-4A36-AAD0-F1E8B53053C1}.Debug|x64.Build.0 = Debug|x64
		{335304F7-F528-4A36-AAD0-F1E8B53053C1}.Debug|x86.ActiveCfg = Debug|Win32
		{335304F7-F528-4A36-AAD0-F1E8B53053C1}.Debug|x86.Build.0 = Debug|Win32
		{335304F7-F528-4A36-AAD0-F1E8B53053C1}.Release|x64.ActiveCfg = Release|x64
		{335304F7-F528-4A36-AAD0-F1E8B53053C1}.Release|x64.Build.0 = Release|x64
		{335304F7-F528-4A36-AAD0-F1E8B53053C1}.Release|x86.ActiveCfg = Release|Win32
		{335304F7-F528-4A36-AAD0-F1E8B53053C1}.Release|x86.Build.0 = Release|Win32
		{A8E94D47-A780-4DAC-A082-B52B6380ABE1}.Debug|x64.ActiveCfg = Debug|x64
		{A8E94D47-A780-4DAC-A082-B52B6380ABE1}.Debug|x64.Build.0 = Debug|x64
		{A8E94D47-A780-4DAC-A082-B52B6380ABE1}.Debug|x86.ActiveCfg = Debug|Win32
		{A8E94D47-A780-4DAC-A082-B52B6380ABE1}.Debug|x86.Build.0 = Debug|Win32
		{A8E94D47-A780-4DAC-A082-B52B6380ABE1}.Release|x64.ActiveCfg = Release|x64
		{A8E94D47-A780-4DAC-A082-B52B6380ABE1}.Release|x64.Build.0 = Release|x64
		{A8E94D47-A780-4DAC-A082-B52B6380ABE1}.Release|x86.ActiveCfg = Release|Win32
		{A8E94D47-A780-4DAC-A082-B52B6380ABE1}.Release|x86.Build.0 = Release|Win32
		{68087BD9-2082-45C0-9348-102133F0A6FC}.Debug|x64.ActiveCfg = Debug|x64
		{68087BD9-2082-45C0-9348-102133F0A6FC}.Debug|x64.Build.0 = Debug|x64
		{68087BD9-2082-45C0-9348-102133F0A6FC}.Debug|x86.ActiveCfg = Debug|Win32
		{68087BD9-2082-45C0-9348-102133F0A6FC}.Debug|x86.Build.0 = Debug|Win32
		{68087BD9-2082-45C0-9348-102133F0A6FC}.Release|x64.ActiveCfg = Release|x64
		{68087BD9-2082-45C0-9348-102133F0A6FC}.Release|x64.Build.0 = Release|x64
		{68087BD9-2082-45C0-9348-102133F0A6FC}.Release|x86.ActiveCfg = Release|Win32
		{68087BD9-2082-45C0-9348-102133F0A6FC}.Release|x86.Build.0 = Release|Win32
		{4D7BD90C-87C7-4196-8E94-3F6BF266E733}.Debug|x64.ActiveCfg = Debug|x64
		{4D7BD90C-87C7-4196-8E94-3F6BF266E733}.Debug|x64.Build.0 = Debug|x64
		{4D7BD90C-87C7-4196-8E94-3F6BF266E733}.Debug|x86.ActiveCfg = Debug|Win32
		{4D7BD90C-87C7-4196-8E94-3F6BF266E733}.Debug|x86.Build.0 = Debug|Win32
		{4D7BD90C-87C7-4196-8E94-3F6BF266E733}.Release|x64.ActiveCfg = Release|x64
		{4D7BD90C-87C7-4196-8E94-3F6BF266E733}.Release|x64.Build.0 = Release|x64
		{4D7BD90C-87C7-4196-8E94-3F6BF266E733}.Release|x86.ActiveCfg = Release|Win32
		{4D7BD90C-87C7-4196-8E94-3F6BF266E733}.Release|x86.Build.0 = Release|Win32
		{FD7902F5-D588-4C90-854A-DAEAEBFF20B4}.Debug|x64.ActiveCfg = Debug|x64
		{FD7902F5-D588-4C90-854A-DAEAEBFF20B4}.Debug|x64.Build.0 = Debug|x64
		{FD7902F5-D588-4C90-854A-DAEAEBFF20B4}.Debug|x86.ActiveCfg = Debug|Win32
		{FD7902F5-D588-4C90-854A-DAEAEBFF20B4}.Debug|x86.Build.0 = Debug|Win32
		{FD7902F5-D588-4C90-854A-DAEAEBFF20B4}.Release|x64.ActiveCfg = Release|x64
		{FD7902F5-D588-4C90-854A-DAEAEBFF20B4}.Release|x64.Build.0 = Release|x64
		{FD7902F5-D588-4C90-854A-DAEAEBFF20B4}.Release|x86.ActiveCfg = Release|Win32
		{FD7902F5-D588-4C90-854A-DAEAEBFF20B4}.Release|x86.Build.0 = Release|Win32
		{865898AA-0329-4812-B5E3-98B485D9D6A6}.Debug|x64.ActiveCfg = Debug|x64
		{865898AA-0329-4812-B5E3-98B485D9D6A6}.Debug|x64.Build.0 = Debug|x64
		{865898AA-0329-4812-B5E3-98B485D9D6A6}.Debug|x86.ActiveCfg = Debug|Win32
		{865898AA-0329-4812-B5E3-98B485D9D6A6}.Debug|x86.Build.0 = Debug|Win32
		{865898AA-0329-4812-B5E3-98B485D9D6A6}.Release|x64.ActiveCfg = Release|x64
		{865898AA-0329-4812-B5E3-98B485D9D6A6}.Release|x64.Build.0 = Release|x64
		{865898AA-0329-4812-B5E3-98B485D9D6A6}.Release|x86.ActiveCfg = Release|Win32
		{865898AA-0329-4812-B5E3-98B485D9D6A6}.Release|x86.Build.0 = Release|Win32
		{DB6B6446-DB94-4942-A771-8EB9F0FC4DFD}.Debug|x64.ActiveCfg = Debug|x64
		{DB6B6446-DB94-4942-A771-8EB9F0FC4DFD}.Debug|x64.Build.0 = Debug|x64
		{DB6B6446-DB94-4942-A771-8EB9F0FC4DFD}.Debug|x86.ActiveCfg = Debug|Win32
		{DB6B6446-DB94-4942-A771-8EB9F0FC4DFD}.Debug|x86.Build.0 = Debug|Win32
		{DB6B6446-DB94-4942-A771-8EB9F0FC4DFD}.Release|x64.ActiveCfg = Release|x64
		{DB6B6446-DB94-4942-A771-8EB9F0FC4DFD}.Release|x64.Build.0 = Release|x64
		{DB6B6446-DB94-4942-A771-8EB9F0FC4DFD}.Release|x86.ActiveCfg = Release|Win32
		{DB6B6446-DB94-4942-A771-8EB9F0FC4DFD}.Release|x86.Build.0 = Release|Win32
		{C708D9C5-8DCD-48F6-96A8-45D10295FA2D}.Debug|x64.ActiveCfg = Debug|x64
		{C708D9C5-8DCD-48F6-96A8-45D10295FA2D}.Debug|x64.Build.0 = Debug|x64
		{C708D9C5-8DCD-48F6-96A8-45D10295FA2D}.Debug|x86.ActiveCfg = Debug|Win32
		{C708D9C5-8DCD-48F6-96A8-45D10295FA2D}.Debug|x86.Build.0 = Debug|Win32
		{C708D9C5-8DCD-48F6-96A8-45D10295FA2D}.Release|x64.ActiveCfg = Release|x64
		{C708D9C5-8DCD-48F6-96A8-45D10295FA2D}.Release|x64.Build.0 = Release|x64
		{C708D9C5-8DCD-48F6-96A8-45D10295FA2D}.Release|x86.ActiveCfg = Release|Win32
		{C708D9C5-8DCD-48F6-96A8-45D10295FA2D}.Release|x86.Build.0 = Release|Win32
		{432ADAA7-0F9D-4263-A810-07B45D478FF8}.Debug|x64.ActiveCfg = Debug|x64
		{432ADAA7-0F9D-4263-A810-07B45D478FF8}.Debug|x64.Build.0 = Debug|x64
		{432ADAA7-0F9D-4263-A810-07B45D478FF8}.Debug|x86.ActiveCfg = Debug|Win32
		{432ADAA7-0F9D-4263-A810-07B45D478FF8}.Debug|x86.Build.0 = Debug|Win32
		{432ADAA7-0F9D-4263-A810-07B45D478FF8}.Release|x64.ActiveCfg = Release|x64
		{432ADAA7-0F9D-4263-A810-07B45D478FF8}.Release|x64.Build.0 = Release|x64
		{432ADAA7-0F9D-4263-A810-07B45D478FF8}.Release|x86.ActiveCfg = Release|Win32
		{432ADAA7-0F9D-4263-A810-07B45D478FF8}.Release|x86.Build.0 = Release|Win32
	EndGlobalSection
	GlobalSection(SolutionProperties) = preSolution
		HideSolutionNode = FALSE
	EndGlobalSection
	GlobalSection(ExtensibilityGlobals) = postSolution
		SolutionGuid = {D22B7403-1876-48CF-A925-5249F47EA581}
	EndGlobalSection
EndGlobal
